
Microsoft Visual Studio Solution File, Format Version 11.00
# Visual C# Express 2010
Project("{FAE04EC0-301F-11D3-BF4B-00C04F79EFBC}") = "RhinoInRR", "RhinoInRR\RhinoInRR.csproj", "{5E24E53F-FF6F-4CCF-85A0-89CFF6E8C742}"
EndProject
Global
	GlobalSection(SolutionConfigurationPlatforms) = preSolution
		Debug32|Any CPU = Debug32|Any CPU
		Release|Any CPU = Release|Any CPU
	EndGlobalSection
	GlobalSection(ProjectConfigurationPlatforms) = postSolution
		{5E24E53F-FF6F-4CCF-85A0-89CFF6E8C742}.Debug32|Any CPU.ActiveCfg = Debug32|Any CPU
		{5E24E53F-FF6F-4CCF-85A0-89CFF6E8C742}.Debug32|Any CPU.Build.0 = Debug32|Any CPU
		{5E24E53F-FF6F-4CCF-85A0-89CFF6E8C742}.Release|Any CPU.ActiveCfg = Release|Any CPU
		{5E24E53F-FF6F-4CCF-85A0-89CFF6E8C742}.Release|Any CPU.Build.0 = Release|Any CPU
	EndGlobalSection
	GlobalSection(SolutionProperties) = preSolution
		HideSolutionNode = FALSE
	EndGlobalSection
EndGlobal
